# THIS IS AN AUTOGENERATED FILE. DO NOT EDIT THIS FILE DIRECTLY.
# yarn lockfile v1


"@prokopschield/argv@^0.1.1":
  version "0.1.1"
  resolved "https://registry.yarnpkg.com/@prokopschield/argv/-/argv-0.1.1.tgz#332c46b6bdf5bbd10a96330260867fdbbe8eb746"
  integrity sha512-JiE/wB6zxgo07fCgF7sVFKQFojCvRk+t0aGBhTpDUgytPPVm90yHbKRia2DS7WeSPdNTNgb+oanGdP5OuW3yxg==

"@types/node@>=16":
  version "18.0.6"
  resolved "https://registry.yarnpkg.com/@types/node/-/node-18.0.6.tgz#0ba49ac517ad69abe7a1508bc9b3a5483df9d5d7"
  integrity sha512-/xUq6H2aQm261exT6iZTMifUySEt4GR5KX8eYyY+C4MSNPqSh9oNIP7tz2GLKTlFaiBbgZNxffoR3CVRG+cljw==

ps-std@^0.1.6:
  version "0.1.6"
  resolved "https://registry.yarnpkg.com/ps-std/-/ps-std-0.1.6.tgz#028f1a7fd4af2d685de54df3f1f94b7df7f9dd03"
  integrity sha512-363nSS/KXlvf92zDPo3BEJ5Ghwuzf/RQUpg4VkK/lsXol6Fxmt88qofiuhmvQfeAD1XYySeX13updBNwATRYRA==
